
Microsoft Visual Studio Solution File, Format Version 12.00
# Visual Studio Version 16
VisualStudioVersion = 16.0.29709.97
MinimumVisualStudioVersion = 10.0.40219.1
Project("{FAE04EC0-301F-11D3-BF4B-00C04F79EFBC}") = "WebApplication_Test", "WebApplication_Test\WebApplication_Test.csproj", "{37A3C693-05F5-4BDE-A938-DC35B5ABA798}"
EndProject
Global
	GlobalSection(SolutionConfigurationPlatforms) = preSolution
		Debug|Any CPU = Debug|Any CPU
		Release|Any CPU = Release|Any CPU
	EndGlobalSection
	GlobalSection(ProjectConfigurationPlatforms) = postSolution
		{37A3C693-05F5-4BDE-A938-DC35B5ABA798}.Debug|Any CPU.ActiveCfg = Debug|Any CPU
		{37A3C693-05F5-4BDE-A938-DC35B5ABA798}.Debug|Any CPU.Build.0 = Debug|Any CPU
		{37A3C693-05F5-4BDE-A938-DC35B5ABA798}.Release|Any CPU.ActiveCfg = Release|Any CPU
		{37A3C693-05F5-4BDE-A938-DC35B5ABA798}.Release|Any CPU.Build.0 = Release|Any CPU
	EndGlobalSection
	GlobalSection(SolutionProperties) = preSolution
		HideSolutionNode = FALSE
	EndGlobalSection
	GlobalSection(ExtensibilityGlobals) = postSolution
		SolutionGuid = {165C785B-A095-4442-9983-F20ED0EAC1D1}
	EndGlobalSection
EndGlobal
